
Microsoft Visual Studio Solution File, Format Version 15.00
# Visual Studio 2017
Project("{FAE04EC0-301F-11D3-BF4B-00C04F79EFBC}") = "TravelBlog", "TravelBlog.csproj", "{E7014170-F2C2-491A-ADF0-05B587C9216D}"
EndProject
Global
	GlobalSection(SolutionConfigurationPlatforms) = preSolution
		Debug|Any CPU = Debug|Any CPU
		Release|Any CPU = Release|Any CPU
	EndGlobalSection
	GlobalSection(ProjectConfigurationPlatforms) = postSolution
		{E7014170-F2C2-491A-ADF0-05B587C9216D}.Debug|Any CPU.ActiveCfg = Debug|Any CPU
		{E7014170-F2C2-491A-ADF0-05B587C9216D}.Debug|Any CPU.Build.0 = Debug|Any CPU
		{E7014170-F2C2-491A-ADF0-05B587C9216D}.Release|Any CPU.ActiveCfg = Release|Any CPU
		{E7014170-F2C2-491A-ADF0-05B587C9216D}.Release|Any CPU.Build.0 = Release|Any CPU
	EndGlobalSection
EndGlobal
